
Microsoft Visual Studio Solution File, Format Version 12.00
# Visual Studio 15
VisualStudioVersion = 15.0.27703.2035
MinimumVisualStudioVersion = 10.0.40219.1
Project("{FAE04EC0-301F-11D3-BF4B-00C04F79EFBC}") = "VideoGamesMgt", "VideoGamesMgt\VideoGamesMgt.csproj", "{8CB6BC2A-0454-46FA-99ED-B286B0697B07}"
EndProject
Global
	GlobalSection(SolutionConfigurationPlatforms) = preSolution
		Debug|Any CPU = Debug|Any CPU
		Release|Any CPU = Release|Any CPU
	EndGlobalSection
	GlobalSection(ProjectConfigurationPlatforms) = postSolution
		{8CB6BC2A-0454-46FA-99ED-B286B0697B07}.Debug|Any CPU.ActiveCfg = Debug|Any CPU
		{8CB6BC2A-0454-46FA-99ED-B286B0697B07}.Debug|Any CPU.Build.0 = Debug|Any CPU
		{8CB6BC2A-0454-46FA-99ED-B286B0697B07}.Release|Any CPU.ActiveCfg = Release|Any CPU
		{8CB6BC2A-0454-46FA-99ED-B286B0697B07}.Release|Any CPU.Build.0 = Release|Any CPU
	EndGlobalSection
	GlobalSection(SolutionProperties) = preSolution
		HideSolutionNode = FALSE
	EndGlobalSection
	GlobalSection(ExtensibilityGlobals) = postSolution
		SolutionGuid = {BF5AB644-2D82-4C0B-B6E1-CF6E29E8B0D8}
	EndGlobalSection
EndGlobal
